
Microsoft Visual Studio Solution File, Format Version 12.00
# Visual Studio Version 17
VisualStudioVersion = 17.4.33205.214
MinimumVisualStudioVersion = 10.0.40219.1
Project("{FAE04EC0-301F-11D3-BF4B-00C04F79EFBC}") = "WebApp", "WebApp\WebApp.csproj", "{FC0EC858-8D6B-4689-B766-7D990A84D8D9}"
EndProject
Project("{FAE04EC0-301F-11D3-BF4B-00C04F79EFBC}") = "DAL", "DAL\DAL.csproj", "{6D57A85D-8AE1-40D3-A3A7-59F736923E86}"
EndProject
Global
	GlobalSection(SolutionConfigurationPlatforms) = preSolution
		Debug|Any CPU = Debug|Any CPU
		Release|Any CPU = Release|Any CPU
	EndGlobalSection
	GlobalSection(ProjectConfigurationPlatforms) = postSolution
		{FC0EC858-8D6B-4689-B766-7D990A84D8D9}.Debug|Any CPU.ActiveCfg = Debug|Any CPU
		{FC0EC858-8D6B-4689-B766-7D990A84D8D9}.Debug|Any CPU.Build.0 = Debug|Any CPU
		{FC0EC858-8D6B-4689-B766-7D990A84D8D9}.Release|Any CPU.ActiveCfg = Release|Any CPU
		{FC0EC858-8D6B-4689-B766-7D990A84D8D9}.Release|Any CPU.Build.0 = Release|Any CPU
		{6D57A85D-8AE1-40D3-A3A7-59F736923E86}.Debug|Any CPU.ActiveCfg = Debug|Any CPU
		{6D57A85D-8AE1-40D3-A3A7-59F736923E86}.Debug|Any CPU.Build.0 = Debug|Any CPU
		{6D57A85D-8AE1-40D3-A3A7-59F736923E86}.Release|Any CPU.ActiveCfg = Release|Any CPU
		{6D57A85D-8AE1-40D3-A3A7-59F736923E86}.Release|Any CPU.Build.0 = Release|Any CPU
	EndGlobalSection
	GlobalSection(SolutionProperties) = preSolution
		HideSolutionNode = FALSE
	EndGlobalSection
	GlobalSection(ExtensibilityGlobals) = postSolution
		SolutionGuid = {68B387DD-3B70-4E76-B555-83D3867979A8}
	EndGlobalSection
EndGlobal
